
Microsoft Visual Studio Solution File, Format Version 12.00
# Visual Studio 14
VisualStudioVersion = 14.0.24720.0
MinimumVisualStudioVersion = 10.0.40219.1
Project("{8BC9CEB8-8B4A-11D0-8D11-00A0C91BC942}") = "Saphire", "Saphire\Saphire.vcxproj", "{A6650309-F5FA-4706-8A32-037AD5481A01}"
	ProjectSection(ProjectDependencies) = postProject
		{6927911C-3ED3-4E41-A3B9-B712A3237790} = {6927911C-3ED3-4E41-A3B9-B712A3237790}
		{0948465F-F936-40F0-B925-BCA8127B75C8} = {0948465F-F936-40F0-B925-BCA8127B75C8}
		{8C026D5F-1FF4-49CF-963C-87D78DBB07E6} = {8C026D5F-1FF4-49CF-963C-87D78DBB07E6}
		{8F73B179-F7A6-46DA-9D17-F8CDE95C9B45} = {8F73B179-F7A6-46DA-9D17-F8CDE95C9B45}
		{242FA2C1-E5F5-484E-8219-F39BED4FEAC0} = {242FA2C1-E5F5-484E-8219-F39BED4FEAC0}
		{AC1FA5DF-1FAA-4DD0-ACFC-57CCF8CC8DE9} = {AC1FA5DF-1FAA-4DD0-ACFC-57CCF8CC8DE9}
		{4CF38EE0-A03C-4867-AC37-70B0B9A0A6F1} = {4CF38EE0-A03C-4867-AC37-70B0B9A0A6F1}
		{C11951F7-7D37-4AE6-A095-E31AFBDC3D04} = {C11951F7-7D37-4AE6-A095-E31AFBDC3D04}
	EndProjectSection
EndProject
Project("{8BC9CEB8-8B4A-11D0-8D11-00A0C91BC942}") = "SDL2", "SDL\SDL.vcxproj", "{0948465F-F936-40F0-B925-BCA8127B75C8}"
EndProject
Project("{8BC9CEB8-8B4A-11D0-8D11-00A0C91BC942}") = "SDL_Image", "SDL_Image\SDL_Image.vcxproj", "{C11951F7-7D37-4AE6-A095-E31AFBDC3D04}"
EndProject
Project("{8BC9CEB8-8B4A-11D0-8D11-00A0C91BC942}") = "pugixml", "pugixml\pugixml.vcxproj", "{8F73B179-F7A6-46DA-9D17-F8CDE95C9B45}"
EndProject
Project("{8BC9CEB8-8B4A-11D0-8D11-00A0C91BC942}") = "libpng", "libpng\libpng.vcxproj", "{4CF38EE0-A03C-4867-AC37-70B0B9A0A6F1}"
EndProject
Project("{8BC9CEB8-8B4A-11D0-8D11-00A0C91BC942}") = "zlib", "zlib\zlib.vcxproj", "{6927911C-3ED3-4E41-A3B9-B712A3237790}"
EndProject
Project("{8BC9CEB8-8B4A-11D0-8D11-00A0C91BC942}") = "libjpeg", "libjpeg\libjpeg.vcxproj", "{8C026D5F-1FF4-49CF-963C-87D78DBB07E6}"
EndProject
Project("{8BC9CEB8-8B4A-11D0-8D11-00A0C91BC942}") = "SDL2_ttf", "SDL2_ttf\SDL2_ttf.vcxproj", "{AC1FA5DF-1FAA-4DD0-ACFC-57CCF8CC8DE9}"
EndProject
Project("{8BC9CEB8-8B4A-11D0-8D11-00A0C91BC942}") = "freetype2", "freetype2\freetype2.vcxproj", "{242FA2C1-E5F5-484E-8219-F39BED4FEAC0}"
EndProject
Global
	GlobalSection(SolutionConfigurationPlatforms) = preSolution
		Debug|x64 = Debug|x64
		Debug|x86 = Debug|x86
		Release|x64 = Release|x64
		Release|x86 = Release|x86
	EndGlobalSection
	GlobalSection(ProjectConfigurationPlatforms) = postSolution
		{A6650309-F5FA-4706-8A32-037AD5481A01}.Debug|x64.ActiveCfg = Debug|x64
		{A6650309-F5FA-4706-8A32-037AD5481A01}.Debug|x64.Build.0 = Debug|x64
		{A6650309-F5FA-4706-8A32-037AD5481A01}.Debug|x86.ActiveCfg = Debug|Win32
		{A6650309-F5FA-4706-8A32-037AD5481A01}.Debug|x86.Build.0 = Debug|Win32
		{A6650309-F5FA-4706-8A32-037AD5481A01}.Release|x64.ActiveCfg = Release|x64
		{A6650309-F5FA-4706-8A32-037AD5481A01}.Release|x64.Build.0 = Release|x64
		{A6650309-F5FA-4706-8A32-037AD5481A01}.Release|x86.ActiveCfg = Release|Win32
		{A6650309-F5FA-4706-8A32-037AD5481A01}.Release|x86.Build.0 = Release|Win32
		{0948465F-F936-40F0-B925-BCA8127B75C8}.Debug|x64.ActiveCfg = Debug|x64
		{0948465F-F936-40F0-B925-BCA8127B75C8}.Debug|x64.Build.0 = Debug|x64
		{0948465F-F936-40F0-B925-BCA8127B75C8}.Debug|x86.ActiveCfg = Debug|Win32
		{0948465F-F936-40F0-B925-BCA8127B75C8}.Debug|x86.Build.0 = Debug|Win32
		{0948465F-F936-40F0-B925-BCA8127B75C8}.Release|x64.ActiveCfg = Release|x64
		{0948465F-F936-40F0-B925-BCA8127B75C8}.Release|x64.Build.0 = Release|x64
		{0948465F-F936-40F0-B925-BCA8127B75C8}.Release|x86.ActiveCfg = Release|Win32
		{0948465F-F936-40F0-B925-BCA8127B75C8}.Release|x86.Build.0 = Release|Win32
		{C11951F7-7D37-4AE6-A095-E31AFBDC3D04}.Debug|x64.ActiveCfg = Debug|x64
		{C11951F7-7D37-4AE6-A095-E31AFBDC3D04}.Debug|x64.Build.0 = Debug|x64
		{C11951F7-7D37-4AE6-A095-E31AFBDC3D04}.Debug|x86.ActiveCfg = Debug|Win32
		{C11951F7-7D37-4AE6-A095-E31AFBDC3D04}.Debug|x86.Build.0 = Debug|Win32
		{C11951F7-7D37-4AE6-A095-E31AFBDC3D04}.Release|x64.ActiveCfg = Release|x64
		{C11951F7-7D37-4AE6-A095-E31AFBDC3D04}.Release|x64.Build.0 = Release|x64
		{C11951F7-7D37-4AE6-A095-E31AFBDC3D04}.Release|x86.ActiveCfg = Release|Win32
		{C11951F7-7D37-4AE6-A095-E31AFBDC3D04}.Release|x86.Build.0 = Release|Win32
		{8F73B179-F7A6-46DA-9D17-F8CDE95C9B45}.Debug|x64.ActiveCfg = Debug|x64
		{8F73B179-F7A6-46DA-9D17-F8CDE95C9B45}.Debug|x64.Build.0 = Debug|x64
		{8F73B179-F7A6-46DA-9D17-F8CDE95C9B45}.Debug|x86.ActiveCfg = Debug|Win32
		{8F73B179-F7A6-46DA-9D17-F8CDE95C9B45}.Debug|x86.Build.0 = Debug|Win32
		{8F73B179-F7A6-46DA-9D17-F8CDE95C9B45}.Release|x64.ActiveCfg = Release|x64
		{8F73B179-F7A6-46DA-9D17-F8CDE95C9B45}.Release|x64.Build.0 = Release|x64
		{8F73B179-F7A6-46DA-9D17-F8CDE95C9B45}.Release|x86.ActiveCfg = Release|Win32
		{8F73B179-F7A6-46DA-9D17-F8CDE95C9B45}.Release|x86.Build.0 = Release|Win32
		{4CF38EE0-A03C-4867-AC37-70B0B9A0A6F1}.Debug|x64.ActiveCfg = Debug|x64
		{4CF38EE0-A03C-4867-AC37-70B0B9A0A6F1}.Debug|x64.Build.0 = Debug|x64
		{4CF38EE0-A03C-4867-AC37-70B0B9A0A6F1}.Debug|x86.ActiveCfg = Debug|Win32
		{4CF38EE0-A03C-4867-AC37-70B0B9A0A6F1}.Debug|x86.Build.0 = Debug|Win32
		{4CF38EE0-A03C-4867-AC37-70B0B9A0A6F1}.Release|x64.ActiveCfg = Release|x64
		{4CF38EE0-A03C-4867-AC37-70B0B9A0A6F1}.Release|x64.Build.0 = Release|x64
		{4CF38EE0-A03C-4867-AC37-70B0B9A0A6F1}.Release|x86.ActiveCfg = Release|Win32
		{4CF38EE0-A03C-4867-AC37-70B0B9A0A6F1}.Release|x86.Build.0 = Release|Win32
		{6927911C-3ED3-4E41-A3B9-B712A3237790}.Debug|x64.ActiveCfg = Debug|x64
		{6927911C-3ED3-4E41-A3B9-B712A3237790}.Debug|x64.Build.0 = Debug|x64
		{6927911C-3ED3-4E41-A3B9-B712A3237790}.Debug|x86.ActiveCfg = Debug|Win32
		{6927911C-3ED3-4E41-A3B9-B712A3237790}.Debug|x86.Build.0 = Debug|Win32
		{6927911C-3ED3-4E41-A3B9-B712A3237790}.Release|x64.ActiveCfg = Release|x64
		{6927911C-3ED3-4E41-A3B9-B712A3237790}.Release|x64.Build.0 = Release|x64
		{6927911C-3ED3-4E41-A3B9-B712A3237790}.Release|x86.ActiveCfg = Release|Win32
		{6927911C-3ED3-4E41-A3B9-B712A3237790}.Release|x86.Build.0 = Release|Win32
		{8C026D5F-1FF4-49CF-963C-87D78DBB07E6}.Debug|x64.ActiveCfg = Debug|x64
		{8C026D5F-1FF4-49CF-963C-87D78DBB07E6}.Debug|x64.Build.0 = Debug|x64
		{8C026D5F-1FF4-49CF-963C-87D78DBB07E6}.Debug|x86.ActiveCfg = Debug|Win32
		{8C026D5F-1FF4-49CF-963C-87D78DBB07E6}.Debug|x86.Build.0 = Debug|Win32
		{8C026D5F-1FF4-49CF-963C-87D78DBB07E6}.Release|x64.ActiveCfg = Release|x64
		{8C026D5F-1FF4-49CF-963C-87D78DBB07E6}.Release|x64.Build.0 = Release|x64
		{8C026D5F-1FF4-49CF-963C-87D78DBB07E6}.Release|x86.ActiveCfg = Release|Win32
		{8C026D5F-1FF4-49CF-963C-87D78DBB07E6}.Release|x86.Build.0 = Release|Win32
		{AC1FA5DF-1FAA-4DD0-ACFC-57CCF8CC8DE9}.Debug|x64.ActiveCfg = Debug|x64
		{AC1FA5DF-1FAA-4DD0-ACFC-57CCF8CC8DE9}.Debug|x64.Build.0 = Debug|x64
		{AC1FA5DF-1FAA-4DD0-ACFC-57CCF8CC8DE9}.Debug|x86.ActiveCfg = Debug|Win32
		{AC1FA5DF-1FAA-4DD0-ACFC-57CCF8CC8DE9}.Debug|x86.Build.0 = Debug|Win32
		{AC1FA5DF-1FAA-4DD0-ACFC-57CCF8CC8DE9}.Release|x64.ActiveCfg = Release|x64
		{AC1FA5DF-1FAA-4DD0-ACFC-57CCF8CC8DE9}.Release|x64.Build.0 = Release|x64
		{AC1FA5DF-1FAA-4DD0-ACFC-57CCF8CC8DE9}.Release|x86.ActiveCfg = Release|Win32
		{AC1FA5DF-1FAA-4DD0-ACFC-57CCF8CC8DE9}.Release|x86.Build.0 = Release|Win32
		{242FA2C1-E5F5-484E-8219-F39BED4FEAC0}.Debug|x64.ActiveCfg = Debug|x64
		{242FA2C1-E5F5-484E-8219-F39BED4FEAC0}.Debug|x64.Build.0 = Debug|x64
		{242FA2C1-E5F5-484E-8219-F39BED4FEAC0}.Debug|x86.ActiveCfg = Debug|Win32
		{242FA2C1-E5F5-484E-8219-F39BED4FEAC0}.Debug|x86.Build.0 = Debug|Win32
		{242FA2C1-E5F5-484E-8219-F39BED4FEAC0}.Release|x64.ActiveCfg = Release|x64
		{242FA2C1-E5F5-484E-8219-F39BED4FEAC0}.Release|x64.Build.0 = Release|x64
		{242FA2C1-E5F5-484E-8219-F39BED4FEAC0}.Release|x86.ActiveCfg = Release|Win32
		{242FA2C1-E5F5-484E-8219-F39BED4FEAC0}.Release|x86.Build.0 = Release|Win32
	EndGlobalSection
	GlobalSection(SolutionProperties) = preSolution
		HideSolutionNode = FALSE
	EndGlobalSection
EndGlobal
