<?xml version="1.0" encoding="utf-8"?>
<Project ToolsVersion="4.0" xmlns="http://schemas.microsoft.com/developer/msbuild/2003">
  <ItemGroup>
    <Filter Include="Source Files">
      <UniqueIdentifier>{4FC737F1-C7A5-4376-A066-2A32D752A2FF}</UniqueIdentifier>
      <Extensions>cpp;hpp;c;h;cc;cxx;def;odl;idl;hpj;bat;asm;asmx</Extensions>
    </Filter>
    <Filter Include="Source Files\SDLWrappers">
      <UniqueIdentifier>{65017d16-c7ce-4fa4-ad61-5ad0aab05da5}</UniqueIdentifier>
    </Filter>
    <Filter Include="Source Files\Widgets">
      <UniqueIdentifier>{77e82e1a-b472-4c2a-93e8-e9845dfe38a8}</UniqueIdentifier>
    </Filter>
    <Filter Include="Source Files\ResourceManagement">
      <UniqueIdentifier>{c9d40497-571e-415c-bbfa-596372ef6be9}</UniqueIdentifier>
    </Filter>
    <Filter Include="Source Files\GraphicsSystem">
      <UniqueIdentifier>{5af43d0f-75db-4885-956f-57ac5aac822c}</UniqueIdentifier>
    </Filter>
  </ItemGroup>
  <ItemGroup>
    <ClCompile Include="..\..\src\main.cpp">
      <Filter>Source Files</Filter>
    </ClCompile>
    <ClCompile Include="..\..\src\SDLRenderer.cpp">
      <Filter>Source Files\SDLWrappers</Filter>
    </ClCompile>
    <ClCompile Include="..\..\src\SDLSurface.cpp">
      <Filter>Source Files\SDLWrappers</Filter>
    </ClCompile>
    <ClCompile Include="..\..\src\SDLTexture.cpp">
      <Filter>Source Files\SDLWrappers</Filter>
    </ClCompile>
    <ClCompile Include="..\..\src\SDLWindow.cpp">
      <Filter>Source Files\SDLWrappers</Filter>
    </ClCompile>
    <ClCompile Include="..\..\src\Image.cpp">
      <Filter>Source Files\Widgets</Filter>
    </ClCompile>
    <ClCompile Include="..\..\src\Widget.cpp">
      <Filter>Source Files\Widgets</Filter>
    </ClCompile>
    <ClCompile Include="..\..\src\Resource.cpp">
      <Filter>Source Files\ResourceManagement</Filter>
    </ClCompile>
    <ClCompile Include="..\..\src\ResourceManager.cpp">
      <Filter>Source Files\ResourceManagement</Filter>
    </ClCompile>
    <ClCompile Include="..\..\src\TextureManager.cpp">
      <Filter>Source Files\ResourceManagement</Filter>
    </ClCompile>
    <ClCompile Include="..\..\src\BitmapResource.cpp">
      <Filter>Source Files\ResourceManagement</Filter>
    </ClCompile>
    <ClCompile Include="..\..\src\SDLRect.cpp">
      <Filter>Source Files\SDLWrappers</Filter>
    </ClCompile>
    <ClCompile Include="..\..\src\GraphicsEngine.cpp">
      <Filter>Source Files\GraphicsSystem</Filter>
    </ClCompile>
    <ClCompile Include="..\..\src\RootWindow.cpp">
      <Filter>Source Files\GraphicsSystem</Filter>
    </ClCompile>
    <ClCompile Include="..\..\src\Text.cpp">
      <Filter>Source Files\Widgets</Filter>
    </ClCompile>
    <ClCompile Include="..\..\src\TextResource.cpp">
      <Filter>Source Files\ResourceManagement</Filter>
    </ClCompile>
  </ItemGroup>
  <ItemGroup>
    <ClInclude Include="..\..\src\SDLWindow.h">
      <Filter>Source Files\SDLWrappers</Filter>
    </ClInclude>
    <ClInclude Include="..\..\src\SDLRenderer.h">
      <Filter>Source Files\SDLWrappers</Filter>
    </ClInclude>
    <ClInclude Include="..\..\src\SDLSurface.h">
      <Filter>Source Files\SDLWrappers</Filter>
    </ClInclude>
    <ClInclude Include="..\..\src\SDLTexture.h">
      <Filter>Source Files\SDLWrappers</Filter>
    </ClInclude>
    <ClInclude Include="..\..\src\SDLDeleter.h">
      <Filter>Source Files\SDLWrappers</Filter>
    </ClInclude>
    <ClInclude Include="..\..\src\Image.h">
      <Filter>Source Files\Widgets</Filter>
    </ClInclude>
    <ClInclude Include="..\..\src\Widget.h">
      <Filter>Source Files\Widgets</Filter>
    </ClInclude>
    <ClInclude Include="..\..\src\Resource.h">
      <Filter>Source Files\ResourceManagement</Filter>
    </ClInclude>
    <ClInclude Include="..\..\src\ResourceManager.h">
      <Filter>Source Files\ResourceManagement</Filter>
    </ClInclude>
    <ClInclude Include="..\..\src\TextureManager.h">
      <Filter>Source Files\ResourceManagement</Filter>
    </ClInclude>
    <ClInclude Include="..\..\src\BitmapResource.h">
      <Filter>Source Files\ResourceManagement</Filter>
    </ClInclude>
    <ClInclude Include="..\..\src\SDLRect.h">
      <Filter>Source Files\SDLWrappers</Filter>
    </ClInclude>
    <ClInclude Include="..\..\src\main.h">
      <Filter>Source Files</Filter>
    </ClInclude>
    <ClInclude Include="..\..\src\WidgetTypes.h">
      <Filter>Source Files\Widgets</Filter>
    </ClInclude>
    <ClInclude Include="..\..\src\ResourceTypes.h">
      <Filter>Source Files\ResourceManagement</Filter>
    </ClInclude>
    <ClInclude Include="..\..\src\GraphicsEngine.h">
      <Filter>Source Files\GraphicsSystem</Filter>
    </ClInclude>
    <ClInclude Include="..\..\src\RootWindow.h">
      <Filter>Source Files\GraphicsSystem</Filter>
    </ClInclude>
    <ClInclude Include="..\..\src\Text.h">
      <Filter>Source Files\Widgets</Filter>
    </ClInclude>
    <ClInclude Include="..\..\src\TextResource.h">
      <Filter>Source Files\ResourceManagement</Filter>
    </ClInclude>
  </ItemGroup>
</Project>